
Microsoft Visual Studio Solution File, Format Version 12.00
# Visual Studio Version 17
VisualStudioVersion = 17.14.36221.1 d17.14
MinimumVisualStudioVersion = 10.0.40219.1
Project("{FAE04EC0-301F-11D3-BF4B-00C04F79EFBC}") = "AITResearch", "AITResearch\AITResearch.csproj", "{DEA4B160-3E47-4231-A2CA-85F07630850E}"
EndProject
Global
	GlobalSection(SolutionConfigurationPlatforms) = preSolution
		Debug|Any CPU = Debug|Any CPU
		Release|Any CPU = Release|Any CPU
	EndGlobalSection
	GlobalSection(ProjectConfigurationPlatforms) = postSolution
		{DEA4B160-3E47-4231-A2CA-85F07630850E}.Debug|Any CPU.ActiveCfg = Debug|Any CPU
		{DEA4B160-3E47-4231-A2CA-85F07630850E}.Debug|Any CPU.Build.0 = Debug|Any CPU
		{DEA4B160-3E47-4231-A2CA-85F07630850E}.Release|Any CPU.ActiveCfg = Release|Any CPU
		{DEA4B160-3E47-4231-A2CA-85F07630850E}.Release|Any CPU.Build.0 = Release|Any CPU
	EndGlobalSection
	GlobalSection(SolutionProperties) = preSolution
		HideSolutionNode = FALSE
	EndGlobalSection
	GlobalSection(ExtensibilityGlobals) = postSolution
		SolutionGuid = {1D1F5FB5-C28D-4EB0-9712-F00586A0FDA2}
	EndGlobalSection
EndGlobal
